
Microsoft Visual Studio Solution File, Format Version 12.00
# Visual Studio 2013
VisualStudioVersion = 12.0.30501.0
MinimumVisualStudioVersion = 10.0.40219.1
Project("{FAE04EC0-301F-11D3-BF4B-00C04F79EFBC}") = "NotificationHubQuickStart", "NotificationHubQuickStart\NotificationHubQuickStart.csproj", "{25B40672-487A-4A77-BBD1-509770E3205C}"
EndProject
Global
	GlobalSection(SolutionConfigurationPlatforms) = preSolution
		Ad-Hoc|iPhone = Ad-Hoc|iPhone
		Ad-Hoc|iPhoneSimulator = Ad-Hoc|iPhoneSimulator
		AppStore|iPhone = AppStore|iPhone
		AppStore|iPhoneSimulator = AppStore|iPhoneSimulator
		Debug|iPhone = Debug|iPhone
		Debug|iPhoneSimulator = Debug|iPhoneSimulator
		Release|iPhone = Release|iPhone
		Release|iPhoneSimulator = Release|iPhoneSimulator
	EndGlobalSection
	GlobalSection(ProjectConfigurationPlatforms) = postSolution
		{25B40672-487A-4A77-BBD1-509770E3205C}.Ad-Hoc|iPhone.ActiveCfg = Ad-Hoc|iPhone
		{25B40672-487A-4A77-BBD1-509770E3205C}.Ad-Hoc|iPhone.Build.0 = Ad-Hoc|iPhone
		{25B40672-487A-4A77-BBD1-509770E3205C}.Ad-Hoc|iPhoneSimulator.ActiveCfg = Ad-Hoc|iPhoneSimulator
		{25B40672-487A-4A77-BBD1-509770E3205C}.Ad-Hoc|iPhoneSimulator.Build.0 = Ad-Hoc|iPhoneSimulator
		{25B40672-487A-4A77-BBD1-509770E3205C}.Ad-Hoc|iPhoneSimulator.Deploy.0 = Ad-Hoc|iPhoneSimulator
		{25B40672-487A-4A77-BBD1-509770E3205C}.AppStore|iPhone.ActiveCfg = AppStore|iPhone
		{25B40672-487A-4A77-BBD1-509770E3205C}.AppStore|iPhone.Build.0 = AppStore|iPhone
		{25B40672-487A-4A77-BBD1-509770E3205C}.AppStore|iPhoneSimulator.ActiveCfg = AppStore|iPhoneSimulator
		{25B40672-487A-4A77-BBD1-509770E3205C}.AppStore|iPhoneSimulator.Build.0 = AppStore|iPhoneSimulator
		{25B40672-487A-4A77-BBD1-509770E3205C}.AppStore|iPhoneSimulator.Deploy.0 = AppStore|iPhoneSimulator
		{25B40672-487A-4A77-BBD1-509770E3205C}.Debug|iPhone.ActiveCfg = Debug|iPhone
		{25B40672-487A-4A77-BBD1-509770E3205C}.Debug|iPhone.Build.0 = Debug|iPhone
		{25B40672-487A-4A77-BBD1-509770E3205C}.Debug|iPhoneSimulator.ActiveCfg = Debug|iPhoneSimulator
		{25B40672-487A-4A77-BBD1-509770E3205C}.Debug|iPhoneSimulator.Build.0 = Debug|iPhoneSimulator
		{25B40672-487A-4A77-BBD1-509770E3205C}.Release|iPhone.ActiveCfg = Release|iPhone
		{25B40672-487A-4A77-BBD1-509770E3205C}.Release|iPhone.Build.0 = Release|iPhone
		{25B40672-487A-4A77-BBD1-509770E3205C}.Release|iPhoneSimulator.ActiveCfg = Release|iPhoneSimulator
		{25B40672-487A-4A77-BBD1-509770E3205C}.Release|iPhoneSimulator.Build.0 = Release|iPhoneSimulator
	EndGlobalSection
	GlobalSection(SolutionProperties) = preSolution
		HideSolutionNode = FALSE
	EndGlobalSection
	GlobalSection(MonoDevelopProperties) = preSolution
		StartupItem = NotificationHubQuickStart\NotificationHubQuickStart.csproj
	EndGlobalSection
EndGlobal
